
Microsoft Visual Studio Solution File, Format Version 12.00
# Visual Studio Version 17
VisualStudioVersion = 17.1.32407.343
MinimumVisualStudioVersion = 10.0.40219.1
Project("{FAE04EC0-301F-11D3-BF4B-00C04F79EFBC}") = "Shared.Project", "Shared.Project\Shared.Project.csproj", "{30F62239-BFB7-4652-92E6-54D8EA77428B}"
EndProject
Project("{FAE04EC0-301F-11D3-BF4B-00C04F79EFBC}") = "UnitTestDefault", "UnitTestDefault\UnitTestDefault.csproj", "{ADAB954A-4F42-413F-A72A-44F05FBFB34E}"
EndProject
Project("{FAE04EC0-301F-11D3-BF4B-00C04F79EFBC}") = "NUnitTestDefault", "NUnitTestDefault\NUnitTestDefault.csproj", "{44BF7158-623D-4FE5-AAF9-976F4D492CB0}"
EndProject
Global
	GlobalSection(SolutionConfigurationPlatforms) = preSolution
		Debug|Any CPU = Debug|Any CPU
		Release|Any CPU = Release|Any CPU
	EndGlobalSection
	GlobalSection(ProjectConfigurationPlatforms) = postSolution
		{30F62239-BFB7-4652-92E6-54D8EA77428B}.Debug|Any CPU.ActiveCfg = Debug|Any CPU
		{30F62239-BFB7-4652-92E6-54D8EA77428B}.Debug|Any CPU.Build.0 = Debug|Any CPU
		{30F62239-BFB7-4652-92E6-54D8EA77428B}.Release|Any CPU.ActiveCfg = Release|Any CPU
		{30F62239-BFB7-4652-92E6-54D8EA77428B}.Release|Any CPU.Build.0 = Release|Any CPU
		{ADAB954A-4F42-413F-A72A-44F05FBFB34E}.Debug|Any CPU.ActiveCfg = Debug|Any CPU
		{ADAB954A-4F42-413F-A72A-44F05FBFB34E}.Debug|Any CPU.Build.0 = Debug|Any CPU
		{ADAB954A-4F42-413F-A72A-44F05FBFB34E}.Release|Any CPU.ActiveCfg = Release|Any CPU
		{ADAB954A-4F42-413F-A72A-44F05FBFB34E}.Release|Any CPU.Build.0 = Release|Any CPU
		{44BF7158-623D-4FE5-AAF9-976F4D492CB0}.Debug|Any CPU.ActiveCfg = Debug|Any CPU
		{44BF7158-623D-4FE5-AAF9-976F4D492CB0}.Debug|Any CPU.Build.0 = Debug|Any CPU
		{44BF7158-623D-4FE5-AAF9-976F4D492CB0}.Release|Any CPU.ActiveCfg = Release|Any CPU
		{44BF7158-623D-4FE5-AAF9-976F4D492CB0}.Release|Any CPU.Build.0 = Release|Any CPU
	EndGlobalSection
	GlobalSection(SolutionProperties) = preSolution
		HideSolutionNode = FALSE
	EndGlobalSection
	GlobalSection(ExtensibilityGlobals) = postSolution
		SolutionGuid = {5B659B58-D961-4E99-97B4-D31E3693170F}
	EndGlobalSection
EndGlobal
